// !$*UTF8*$!
{
	archiveVersion = 1;
	classes = {
	};
	objectVersion = 56;
	objects = {

/* Begin PBXBuildFile section */
		18E7FEAE2D2682EA00B1967F /* AppDelegate.swift in Sources */ = {isa = PBXBuildFile; fileRef = 18E7FEAD2D2682EA00B1967F /* AppDelegate.swift */; };
		18E7FEB22D2682EA00B1967F /* ViewController.swift in Sources */ = {isa = PBXBuildFile; fileRef = 18E7FEB12D2682EA00B1967F /* ViewController.swift */; };
		18E7FEB52D2682EA00B1967F /* Base in Resources */ = {isa = PBXBuildFile; fileRef = 18E7FEB42D2682EA00B1967F /* Base */; };
		18E7FEB72D2682EC00B1967F /* Assets.xcassets in Resources */ = {isa = PBXBuildFile; fileRef = 18E7FEB62D2682EC00B1967F /* Assets.xcassets */; };
		18E7FEBA2D2682EC00B1967F /* Base in Resources */ = {isa = PBXBuildFile; fileRef = 18E7FEB92D2682EC00B1967F /* Base */; };
		9E86E6A695B22ADD7DA1ECD5 /* Pods_TYSpriteDemo.framework in Frameworks */ = {isa = PBXBuildFile; fileRef = 0945E857D8DFF61A38D5F8CB /* Pods_TYSpriteDemo.framework */; };
/* End PBXBuildFile section */

/* Begin PBXContainerItemProxy section */
		18E7FED92D268EBE00B1967F /* PBXContainerItemProxy */ = {
			isa = PBXContainerItemProxy;
			containerPortal = 18E7FED52D268EBD00B1967F /* TYKit.xcodeproj */;
			proxyType = 2;
			remoteGlobalIDString = 18E7FECB2D268EBD00B1967F;
			remoteInfo = TYKit;
		};
/* End PBXContainerItemProxy section */

/* Begin PBXFileReference section */
		0945E857D8DFF61A38D5F8CB /* Pods_TYSpriteDemo.framework */ = {isa = PBXFileReference; explicitFileType = wrapper.framework; includeInIndex = 0; path = Pods_TYSpriteDemo.framework; sourceTree = BUILT_PRODUCTS_DIR; };
		18E7FEAA2D2682EA00B1967F /* TYSpriteDemo.app */ = {isa = PBXFileReference; explicitFileType = wrapper.application; includeInIndex = 0; path = TYSpriteDemo.app; sourceTree = BUILT_PRODUCTS_DIR; };
		18E7FEAD2D2682EA00B1967F /* AppDelegate.swift */ = {isa = PBXFileReference; lastKnownFileType = sourcecode.swift; path = AppDelegate.swift; sourceTree = "<group>"; };
		18E7FEB12D2682EA00B1967F /* ViewController.swift */ = {isa = PBXFileReference; lastKnownFileType = sourcecode.swift; path = ViewController.swift; sourceTree = "<group>"; };
		18E7FEB42D2682EA00B1967F /* Base */ = {isa = PBXFileReference; lastKnownFileType = file.storyboard; name = Base; path = Base.lproj/Main.storyboard; sourceTree = "<group>"; };
		18E7FEB62D2682EC00B1967F /* Assets.xcassets */ = {isa = PBXFileReference; lastKnownFileType = folder.assetcatalog; path = Assets.xcassets; sourceTree = "<group>"; };
		18E7FEB92D2682EC00B1967F /* Base */ = {isa = PBXFileReference; lastKnownFileType = file.storyboard; name = Base; path = Base.lproj/LaunchScreen.storyboard; sourceTree = "<group>"; };
		18E7FEBB2D2682EC00B1967F /* Info.plist */ = {isa = PBXFileReference; lastKnownFileType = text.plist.xml; path = Info.plist; sourceTree = "<group>"; };
		18E7FED52D268EBD00B1967F /* TYKit.xcodeproj */ = {isa = PBXFileReference; lastKnownFileType = "wrapper.pb-project"; name = TYKit.xcodeproj; path = TYKit/TYKit.xcodeproj; sourceTree = SOURCE_ROOT; };
		1B8DD3D6025ADF0A6E26E6B0 /* Pods-TYSpriteDemo.release.xcconfig */ = {isa = PBXFileReference; includeInIndex = 1; lastKnownFileType = text.xcconfig; name = "Pods-TYSpriteDemo.release.xcconfig"; path = "Target Support Files/Pods-TYSpriteDemo/Pods-TYSpriteDemo.release.xcconfig"; sourceTree = "<group>"; };
		731DD4760234634A319D1E80 /* Pods-TYSpriteDemo.debug.xcconfig */ = {isa = PBXFileReference; includeInIndex = 1; lastKnownFileType = text.xcconfig; name = "Pods-TYSpriteDemo.debug.xcconfig"; path = "Target Support Files/Pods-TYSpriteDemo/Pods-TYSpriteDemo.debug.xcconfig"; sourceTree = "<group>"; };
/* End PBXFileReference section */

/* Begin PBXFrameworksBuildPhase section */
		18E7FEA72D2682EA00B1967F /* Frameworks */ = {
			isa = PBXFrameworksBuildPhase;
			buildActionMask = 2147483647;
			files = (
				9E86E6A695B22ADD7DA1ECD5 /* Pods_TYSpriteDemo.framework in Frameworks */,
			);
			runOnlyForDeploymentPostprocessing = 0;
		};
/* End PBXFrameworksBuildPhase section */

/* Begin PBXGroup section */
		18E7FEA12D2682EA00B1967F = {
			isa = PBXGroup;
			children = (
				18E7FEAC2D2682EA00B1967F /* TYSpriteDemo */,
				18E7FEAB2D2682EA00B1967F /* Products */,
				A44D944E917BDB2AB30883EA /* Pods */,
				6B25DA977797B6841BEEE135 /* Frameworks */,
			);
			sourceTree = "<group>";
		};
		18E7FEAB2D2682EA00B1967F /* Products */ = {
			isa = PBXGroup;
			children = (
				18E7FEAA2D2682EA00B1967F /* TYSpriteDemo.app */,
			);
			name = Products;
			sourceTree = "<group>";
		};
		18E7FEAC2D2682EA00B1967F /* TYSpriteDemo */ = {
			isa = PBXGroup;
			children = (
				18E7FED52D268EBD00B1967F /* TYKit.xcodeproj */,
				18E7FEAD2D2682EA00B1967F /* AppDelegate.swift */,
				18E7FEB12D2682EA00B1967F /* ViewController.swift */,
				18E7FEB32D2682EA00B1967F /* Main.storyboard */,
				18E7FEB62D2682EC00B1967F /* Assets.xcassets */,
				18E7FEB82D2682EC00B1967F /* LaunchScreen.storyboard */,
				18E7FEBB2D2682EC00B1967F /* Info.plist */,
			);
			path = TYSpriteDemo;
			sourceTree = "<group>";
		};
		18E7FED62D268EBD00B1967F /* Products */ = {
			isa = PBXGroup;
			children = (
				18E7FEDA2D268EBE00B1967F /* TYKit.framework */,
			);
			name = Products;
			sourceTree = "<group>";
		};
		6B25DA977797B6841BEEE135 /* Frameworks */ = {
			isa = PBXGroup;
			children = (
				0945E857D8DFF61A38D5F8CB /* Pods_TYSpriteDemo.framework */,
			);
			name = Frameworks;
			sourceTree = "<group>";
		};
		A44D944E917BDB2AB30883EA /* Pods */ = {
			isa = PBXGroup;
			children = (
				731DD4760234634A319D1E80 /* Pods-TYSpriteDemo.debug.xcconfig */,
				1B8DD3D6025ADF0A6E26E6B0 /* Pods-TYSpriteDemo.release.xcconfig */,
			);
			path = Pods;
			sourceTree = "<group>";
		};
/* End PBXGroup section */

/* Begin PBXNativeTarget section */
		18E7FEA92D2682EA00B1967F /* TYSpriteDemo */ = {
			isa = PBXNativeTarget;
			buildConfigurationList = 18E7FEBE2D2682EC00B1967F /* Build configuration list for PBXNativeTarget "TYSpriteDemo" */;
			buildPhases = (
				C3C8064C4D56C319F89E8E58 /* [CP] Check Pods Manifest.lock */,
				18E7FEA62D2682EA00B1967F /* Sources */,
				18E7FEA72D2682EA00B1967F /* Frameworks */,
				18E7FEA82D2682EA00B1967F /* Resources */,
				DB604793A981EF214E97CE99 /* [CP] Embed Pods Frameworks */,
			);
			buildRules = (
			);
			dependencies = (
			);
			name = TYSpriteDemo;
			productName = TYSpriteDemo;
			productReference = 18E7FEAA2D2682EA00B1967F /* TYSpriteDemo.app */;
			productType = "com.apple.product-type.application";
		};
/* End PBXNativeTarget section */

/* Begin PBXProject section */
		18E7FEA22D2682EA00B1967F /* Project object */ = {
			isa = PBXProject;
			attributes = {
				BuildIndependentTargetsInParallel = 1;
				LastSwiftUpdateCheck = 1540;
				LastUpgradeCheck = 1540;
				TargetAttributes = {
					18E7FEA92D2682EA00B1967F = {
						CreatedOnToolsVersion = 15.4;
					};
				};
			};
			buildConfigurationList = 18E7FEA52D2682EA00B1967F /* Build configuration list for PBXProject "TYSpriteDemo" */;
			compatibilityVersion = "Xcode 14.0";
			developmentRegion = en;
			hasScannedForEncodings = 0;
			knownRegions = (
				en,
				Base,
			);
			mainGroup = 18E7FEA12D2682EA00B1967F;
			productRefGroup = 18E7FEAB2D2682EA00B1967F /* Products */;
			projectDirPath = "";
			projectReferences = (
				{
					ProductGroup = 18E7FED62D268EBD00B1967F /* Products */;
					ProjectRef = 18E7FED52D268EBD00B1967F /* TYKit.xcodeproj */;
				},
			);
			projectRoot = "";
			targets = (
				18E7FEA92D2682EA00B1967F /* TYSpriteDemo */,
			);
		};
/* End PBXProject section */

/* Begin PBXReferenceProxy section */
		18E7FEDA2D268EBE00B1967F /* TYKit.framework */ = {
			isa = PBXReferenceProxy;
			fileType = wrapper.framework;
			path = TYKit.framework;
			remoteRef = 18E7FED92D268EBE00B1967F /* PBXContainerItemProxy */;
			sourceTree = BUILT_PRODUCTS_DIR;
		};
/* End PBXReferenceProxy section */

/* Begin PBXResourcesBuildPhase section */
		18E7FEA82D2682EA00B1967F /* Resources */ = {
			isa = PBXResourcesBuildPhase;
			buildActionMask = 2147483647;
			files = (
				18E7FEB72D2682EC00B1967F /* Assets.xcassets in Resources */,
				18E7FEBA2D2682EC00B1967F /* Base in Resources */,
				18E7FEB52D2682EA00B1967F /* Base in Resources */,
			);
			runOnlyForDeploymentPostprocessing = 0;
		};
/* End PBXResourcesBuildPhase section */

/* Begin PBXShellScriptBuildPhase section */
		C3C8064C4D56C319F89E8E58 /* [CP] Check Pods Manifest.lock */ = {
			isa = PBXShellScriptBuildPhase;
			buildActionMask = 2147483647;
			files = (
			);
			inputFileListPaths = (
			);
			inputPaths = (
				"${PODS_PODFILE_DIR_PATH}/Podfile.lock",
				"${PODS_ROOT}/Manifest.lock",
			);
			name = "[CP] Check Pods Manifest.lock";
			outputFileListPaths = (
			);
			outputPaths = (
				"$(DERIVED_FILE_DIR)/Pods-TYSpriteDemo-checkManifestLockResult.txt",
			);
			runOnlyForDeploymentPostprocessing = 0;
			shellPath = /bin/sh;
			shellScript = "diff \"${PODS_PODFILE_DIR_PATH}/Podfile.lock\" \"${PODS_ROOT}/Manifest.lock\" > /dev/null\nif [ $? != 0 ] ; then\n    # print error to STDERR\n    echo \"error: The sandbox is not in sync with the Podfile.lock. Run 'pod install' or update your CocoaPods installation.\" >&2\n    exit 1\nfi\n# This output is used by Xcode 'outputs' to avoid re-running this script phase.\necho \"SUCCESS\" > \"${SCRIPT_OUTPUT_FILE_0}\"\n";
			showEnvVarsInLog = 0;
		};
		DB604793A981EF214E97CE99 /* [CP] Embed Pods Frameworks */ = {
			isa = PBXShellScriptBuildPhase;
			buildActionMask = 2147483647;
			files = (
			);
			inputFileListPaths = (
				"${PODS_ROOT}/Target Support Files/Pods-TYSpriteDemo/Pods-TYSpriteDemo-frameworks-${CONFIGURATION}-input-files.xcfilelist",
			);
			name = "[CP] Embed Pods Frameworks";
			outputFileListPaths = (
				"${PODS_ROOT}/Target Support Files/Pods-TYSpriteDemo/Pods-TYSpriteDemo-frameworks-${CONFIGURATION}-output-files.xcfilelist",
			);
			runOnlyForDeploymentPostprocessing = 0;
			shellPath = /bin/sh;
			shellScript = "\"${PODS_ROOT}/Target Support Files/Pods-TYSpriteDemo/Pods-TYSpriteDemo-frameworks.sh\"\n";
			showEnvVarsInLog = 0;
		};
/* End PBXShellScriptBuildPhase section */

/* Begin PBXSourcesBuildPhase section */
		18E7FEA62D2682EA00B1967F /* Sources */ = {
			isa = PBXSourcesBuildPhase;
			buildActionMask = 2147483647;
			files = (
				18E7FEB22D2682EA00B1967F /* ViewController.swift in Sources */,
				18E7FEAE2D2682EA00B1967F /* AppDelegate.swift in Sources */,
			);
			runOnlyForDeploymentPostprocessing = 0;
		};
/* End PBXSourcesBuildPhase section */

/* Begin PBXVariantGroup section */
		18E7FEB32D2682EA00B1967F /* Main.storyboard */ = {
			isa = PBXVariantGroup;
			children = (
				18E7FEB42D2682EA00B1967F /* Base */,
			);
			name = Main.storyboard;
			sourceTree = "<group>";
		};
		18E7FEB82D2682EC00B1967F /* LaunchScreen.storyboard */ = {
			isa = PBXVariantGroup;
			children = (
				18E7FEB92D2682EC00B1967F /* Base */,
			);
			name = LaunchScreen.storyboard;
			sourceTree = "<group>";
		};
/* End PBXVariantGroup section */

/* Begin XCBuildConfiguration section */
		18E7FEBC2D2682EC00B1967F /* Debug */ = {
			isa = XCBuildConfiguration;
			buildSettings = {
				ALWAYS_SEARCH_USER_PATHS = NO;
				ASSETCATALOG_COMPILER_GENERATE_SWIFT_ASSET_SYMBOL_EXTENSIONS = YES;
				CLANG_ANALYZER_NONNULL = YES;
				CLANG_ANALYZER_NUMBER_OBJECT_CONVERSION = YES_AGGRESSIVE;
				CLANG_CXX_LANGUAGE_STANDARD = "gnu++20";
				CLANG_ENABLE_MODULES = YES;
				CLANG_ENABLE_OBJC_ARC = YES;
				CLANG_ENABLE_OBJC_WEAK = YES;
				CLANG_WARN_BLOCK_CAPTURE_AUTORELEASING = YES;
				CLANG_WARN_BOOL_CONVERSION = YES;
				CLANG_WARN_COMMA = YES;
				CLANG_WARN_CONSTANT_CONVERSION = YES;
				CLANG_WARN_DEPRECATED_OBJC_IMPLEMENTATIONS = YES;
				CLANG_WARN_DIRECT_OBJC_ISA_USAGE = YES_ERROR;
				CLANG_WARN_DOCUMENTATION_COMMENTS = YES;
				CLANG_WARN_EMPTY_BODY = YES;
				CLANG_WARN_ENUM_CONVERSION = YES;
				CLANG_WARN_INFINITE_RECURSION = YES;
				CLANG_WARN_INT_CONVERSION = YES;
				CLANG_WARN_NON_LITERAL_NULL_CONVERSION = YES;
				CLANG_WARN_OBJC_IMPLICIT_RETAIN_SELF = YES;
				CLANG_WARN_OBJC_LITERAL_CONVERSION = YES;
				CLANG_WARN_OBJC_ROOT_CLASS = YES_ERROR;
				CLANG_WARN_QUOTED_INCLUDE_IN_FRAMEWORK_HEADER = YES;
				CLANG_WARN_RANGE_LOOP_ANALYSIS = YES;
				CLANG_WARN_STRICT_PROTOTYPES = YES;
				CLANG_WARN_SUSPICIOUS_MOVE = YES;
				CLANG_WARN_UNGUARDED_AVAILABILITY = YES_AGGRESSIVE;
				CLANG_WARN_UNREACHABLE_CODE = YES;
				CLANG_WARN__DUPLICATE_METHOD_MATCH = YES;
				COPY_PHASE_STRIP = NO;
				DEBUG_INFORMATION_FORMAT = dwarf;
				ENABLE_STRICT_OBJC_MSGSEND = YES;
				ENABLE_TESTABILITY = YES;
				ENABLE_USER_SCRIPT_SANDBOXING = NO;
				GCC_C_LANGUAGE_STANDARD = gnu17;
				GCC_DYNAMIC_NO_PIC = NO;
				GCC_NO_COMMON_BLOCKS = YES;
				GCC_OPTIMIZATION_LEVEL = 0;
				GCC_PREPROCESSOR_DEFINITIONS = (
					"DEBUG=1",
					"$(inherited)",
				);
				GCC_WARN_64_TO_32_BIT_CONVERSION = YES;
				GCC_WARN_ABOUT_RETURN_TYPE = YES_ERROR;
				GCC_WARN_UNDECLARED_SELECTOR = YES;
				GCC_WARN_UNINITIALIZED_AUTOS = YES_AGGRESSIVE;
				GCC_WARN_UNUSED_FUNCTION = YES;
				GCC_WARN_UNUSED_VARIABLE = YES;
				IPHONEOS_DEPLOYMENT_TARGET = 12.0;
				LOCALIZATION_PREFERS_STRING_CATALOGS = YES;
				MTL_ENABLE_DEBUG_INFO = INCLUDE_SOURCE;
				MTL_FAST_MATH = YES;
				ONLY_ACTIVE_ARCH = YES;
				SDKROOT = iphoneos;
				SWIFT_ACTIVE_COMPILATION_CONDITIONS = "DEBUG $(inherited)";
				SWIFT_OPTIMIZATION_LEVEL = "-Onone";
			};
			name = Debug;
		};
		18E7FEBD2D2682EC00B1967F /* Release */ = {
			isa = XCBuildConfiguration;
			buildSettings = {
				ALWAYS_SEARCH_USER_PATHS = NO;
				ASSETCATALOG_COMPILER_GENERATE_SWIFT_ASSET_SYMBOL_EXTENSIONS = YES;
				CLANG_ANALYZER_NONNULL = YES;
				CLANG_ANALYZER_NUMBER_OBJECT_CONVERSION = YES_AGGRESSIVE;
				CLANG_CXX_LANGUAGE_STANDARD = "gnu++20";
				CLANG_ENABLE_MODULES = YES;
				CLANG_ENABLE_OBJC_ARC = YES;
				CLANG_ENABLE_OBJC_WEAK = YES;
				CLANG_WARN_BLOCK_CAPTURE_AUTORELEASING = YES;
				CLANG_WARN_BOOL_CONVERSION = YES;
				CLANG_WARN_COMMA = YES;
				CLANG_WARN_CONSTANT_CONVERSION = YES;
				CLANG_WARN_DEPRECATED_OBJC_IMPLEMENTATIONS = YES;
				CLANG_WARN_DIRECT_OBJC_ISA_USAGE = YES_ERROR;
				CLANG_WARN_DOCUMENTATION_COMMENTS = YES;
				CLANG_WARN_EMPTY_BODY = YES;
				CLANG_WARN_ENUM_CONVERSION = YES;
				CLANG_WARN_INFINITE_RECURSION = YES;
				CLANG_WARN_INT_CONVERSION = YES;
				CLANG_WARN_NON_LITERAL_NULL_CONVERSION = YES;
				CLANG_WARN_OBJC_IMPLICIT_RETAIN_SELF = YES;
				CLANG_WARN_OBJC_LITERAL_CONVERSION = YES;
				CLANG_WARN_OBJC_ROOT_CLASS = YES_ERROR;
				CLANG_WARN_QUOTED_INCLUDE_IN_FRAMEWORK_HEADER = YES;
				CLANG_WARN_RANGE_LOOP_ANALYSIS = YES;
				CLANG_WARN_STRICT_PROTOTYPES = YES;
				CLANG_WARN_SUSPICIOUS_MOVE = YES;
				CLANG_WARN_UNGUARDED_AVAILABILITY = YES_AGGRESSIVE;
				CLANG_WARN_UNREACHABLE_CODE = YES;
				CLANG_WARN__DUPLICATE_METHOD_MATCH = YES;
				COPY_PHASE_STRIP = NO;
				DEBUG_INFORMATION_FORMAT = "dwarf-with-dsym";
				ENABLE_NS_ASSERTIONS = NO;
				ENABLE_STRICT_OBJC_MSGSEND = YES;
				ENABLE_USER_SCRIPT_SANDBOXING = NO;
				GCC_C_LANGUAGE_STANDARD = gnu17;
				GCC_NO_COMMON_BLOCKS = YES;
				GCC_WARN_64_TO_32_BIT_CONVERSION = YES;
				GCC_WARN_ABOUT_RETURN_TYPE = YES_ERROR;
				GCC_WARN_UNDECLARED_SELECTOR = YES;
				GCC_WARN_UNINITIALIZED_AUTOS = YES_AGGRESSIVE;
				GCC_WARN_UNUSED_FUNCTION = YES;
				GCC_WARN_UNUSED_VARIABLE = YES;
				IPHONEOS_DEPLOYMENT_TARGET = 12.0;
				LOCALIZATION_PREFERS_STRING_CATALOGS = YES;
				MTL_ENABLE_DEBUG_INFO = NO;
				MTL_FAST_MATH = YES;
				SDKROOT = iphoneos;
				SWIFT_COMPILATION_MODE = wholemodule;
				VALIDATE_PRODUCT = YES;
			};
			name = Release;
		};
		18E7FEBF2D2682EC00B1967F /* Debug */ = {
			isa = XCBuildConfiguration;
			baseConfigurationReference = 731DD4760234634A319D1E80 /* Pods-TYSpriteDemo.debug.xcconfig */;
			buildSettings = {
				ASSETCATALOG_COMPILER_APPICON_NAME = AppIcon;
				ASSETCATALOG_COMPILER_GLOBAL_ACCENT_COLOR_NAME = AccentColor;
				CODE_SIGN_IDENTITY = "Apple Development";
				CODE_SIGN_STYLE = Manual;
				CURRENT_PROJECT_VERSION = 1;
				DEVELOPMENT_TEAM = "";
				GENERATE_INFOPLIST_FILE = YES;
				INFOPLIST_FILE = TYSpriteDemo/Info.plist;
				INFOPLIST_KEY_UIApplicationSupportsIndirectInputEvents = YES;
				INFOPLIST_KEY_UILaunchStoryboardName = LaunchScreen;
				INFOPLIST_KEY_UIMainStoryboardFile = Main;
				INFOPLIST_KEY_UISupportedInterfaceOrientations_iPad = "UIInterfaceOrientationPortrait UIInterfaceOrientationPortraitUpsideDown UIInterfaceOrientationLandscapeLeft UIInterfaceOrientationLandscapeRight";
				INFOPLIST_KEY_UISupportedInterfaceOrientations_iPhone = "UIInterfaceOrientationPortrait UIInterfaceOrientationLandscapeLeft UIInterfaceOrientationLandscapeRight";
				LD_RUNPATH_SEARCH_PATHS = (
					"$(inherited)",
					"@executable_path/Frameworks",
				);
				MARKETING_VERSION = 1.0;
				PRODUCT_BUNDLE_IDENTIFIER = com.TYSpriteDemo.TYSpriteDemo;
				PRODUCT_NAME = "$(TARGET_NAME)";
				PROVISIONING_PROFILE_SPECIFIER = "";
				SWIFT_EMIT_LOC_STRINGS = YES;
				SWIFT_VERSION = 5.0;
				TARGETED_DEVICE_FAMILY = "1,2";
			};
			name = Debug;
		};
		18E7FEC02D2682EC00B1967F /* Release */ = {
			isa = XCBuildConfiguration;
			baseConfigurationReference = 1B8DD3D6025ADF0A6E26E6B0 /* Pods-TYSpriteDemo.release.xcconfig */;
			buildSettings = {
				ASSETCATALOG_COMPILER_APPICON_NAME = AppIcon;
				ASSETCATALOG_COMPILER_GLOBAL_ACCENT_COLOR_NAME = AccentColor;
				"CODE_SIGN_IDENTITY[sdk=iphoneos*]" = "iPhone Developer";
				CODE_SIGN_STYLE = Manual;
				CURRENT_PROJECT_VERSION = 1;
				DEVELOPMENT_TEAM = "";
				"DEVELOPMENT_TEAM[sdk=iphoneos*]" = GZPQ4W3XF5;
				GENERATE_INFOPLIST_FILE = YES;
				INFOPLIST_FILE = TYSpriteDemo/Info.plist;
				INFOPLIST_KEY_UIApplicationSupportsIndirectInputEvents = YES;
				INFOPLIST_KEY_UILaunchStoryboardName = LaunchScreen;
				INFOPLIST_KEY_UIMainStoryboardFile = Main;
				INFOPLIST_KEY_UISupportedInterfaceOrientations_iPad = "UIInterfaceOrientationPortrait UIInterfaceOrientationPortraitUpsideDown UIInterfaceOrientationLandscapeLeft UIInterfaceOrientationLandscapeRight";
				INFOPLIST_KEY_UISupportedInterfaceOrientations_iPhone = "UIInterfaceOrientationPortrait UIInterfaceOrientationLandscapeLeft UIInterfaceOrientationLandscapeRight";
				LD_RUNPATH_SEARCH_PATHS = (
					"$(inherited)",
					"@executable_path/Frameworks",
				);
				MARKETING_VERSION = 1.0;
				PRODUCT_BUNDLE_IDENTIFIER = com.TYSpriteDemo.TYSpriteDemo;
				PRODUCT_NAME = "$(TARGET_NAME)";
				PROVISIONING_PROFILE_SPECIFIER = "";
				"PROVISIONING_PROFILE_SPECIFIER[sdk=iphoneos*]" = bewords_dev;
				SWIFT_EMIT_LOC_STRINGS = YES;
				SWIFT_VERSION = 5.0;
				TARGETED_DEVICE_FAMILY = "1,2";
			};
			name = Release;
		};
/* End XCBuildConfiguration section */

/* Begin XCConfigurationList section */
		18E7FEA52D2682EA00B1967F /* Build configuration list for PBXProject "TYSpriteDemo" */ = {
			isa = XCConfigurationList;
			buildConfigurations = (
				18E7FEBC2D2682EC00B1967F /* Debug */,
				18E7FEBD2D2682EC00B1967F /* Release */,
			);
			defaultConfigurationIsVisible = 0;
			defaultConfigurationName = Release;
		};
		18E7FEBE2D2682EC00B1967F /* Build configuration list for PBXNativeTarget "TYSpriteDemo" */ = {
			isa = XCConfigurationList;
			buildConfigurations = (
				18E7FEBF2D2682EC00B1967F /* Debug */,
				18E7FEC02D2682EC00B1967F /* Release */,
			);
			defaultConfigurationIsVisible = 0;
			defaultConfigurationName = Release;
		};
/* End XCConfigurationList section */
	};
	rootObject = 18E7FEA22D2682EA00B1967F /* Project object */;
}
